PODS:
  - Masonry (0.6.4)
  - SDWebImage (3.8.2):
    - SDWebImage/Core (= 3.8.2)
  - SDWebImage/Core (3.8.2)

DEPENDENCIES:
  - Masonry (~> 0.6.2)
  - SDWebImage (~> 3.8.1)

SPEC CHECKSUMS:
  Masonry: 281802d04d787ea2973179ee8bcb50500579ede2
  SDWebImage: 098e97e6176540799c27e804c96653ee0833d13c

PODFILE CHECKSUM: 9b6fd7caf21cc8681e5c9568588e697368c9d1bf

COCOAPODS: 1.0.1
